// !$*UTF8*$!
{
	archiveVersion = 1;
	classes = {
	};
	objectVersion = 50;
	objects = {

/* Begin PBXBuildFile section */
		80688255235227F900D76477 /* AppDelegate.swift in Sources */ = {isa = PBXBuildFile; fileRef = 80688254235227F900D76477 /* AppDelegate.swift */; };
		80688257235227F900D76477 /* SceneDelegate.swift in Sources */ = {isa = PBXBuildFile; fileRef = 80688256235227F900D76477 /* SceneDelegate.swift */; };
		8068825C235227F900D76477 /* Main.storyboard in Resources */ = {isa = PBXBuildFile; fileRef = 8068825A235227F900D76477 /* Main.storyboard */; };
		8068825F235227F900D76477 /* Metas_do_dia.xcdatamodeld in Sources */ = {isa = PBXBuildFile; fileRef = 8068825D235227F900D76477 /* Metas_do_dia.xcdatamodeld */; };
		80688261235227FC00D76477 /* Assets.xcassets in Resources */ = {isa = PBXBuildFile; fileRef = 80688260235227FC00D76477 /* Assets.xcassets */; };
		80688264235227FC00D76477 /* LaunchScreen.storyboard in Resources */ = {isa = PBXBuildFile; fileRef = 80688262235227FC00D76477 /* LaunchScreen.storyboard */; };
		8068826C23522E9B00D76477 /* MainTableViewController.swift in Sources */ = {isa = PBXBuildFile; fileRef = 8068826B23522E9B00D76477 /* MainTableViewController.swift */; };
		8068826E23522FC500D76477 /* AddTasksViewController.swift in Sources */ = {isa = PBXBuildFile; fileRef = 8068826D23522FC500D76477 /* AddTasksViewController.swift */; };
		80688270235230C400D76477 /* TasksUserDefaults.swift in Sources */ = {isa = PBXBuildFile; fileRef = 8068826F235230C400D76477 /* TasksUserDefaults.swift */; };
/* End PBXBuildFile section */

/* Begin PBXFileReference section */
		80688251235227F900D76477 /* Metas_do_dia.app */ = {isa = PBXFileReference; explicitFileType = wrapper.application; includeInIndex = 0; path = Metas_do_dia.app; sourceTree = BUILT_PRODUCTS_DIR; };
		80688254235227F900D76477 /* AppDelegate.swift */ = {isa = PBXFileReference; lastKnownFileType = sourcecode.swift; path = AppDelegate.swift; sourceTree = "<group>"; };
		80688256235227F900D76477 /* SceneDelegate.swift */ = {isa = PBXFileReference; lastKnownFileType = sourcecode.swift; path = SceneDelegate.swift; sourceTree = "<group>"; };
		8068825B235227F900D76477 /* Base */ = {isa = PBXFileReference; lastKnownFileType = file.storyboard; name = Base; path = Base.lproj/Main.storyboard; sourceTree = "<group>"; };
		8068825E235227F900D76477 /* Metas_do_dia.xcdatamodel */ = {isa = PBXFileReference; lastKnownFileType = wrapper.xcdatamodel; path = Metas_do_dia.xcdatamodel; sourceTree = "<group>"; };
		80688260235227FC00D76477 /* Assets.xcassets */ = {isa = PBXFileReference; lastKnownFileType = folder.assetcatalog; path = Assets.xcassets; sourceTree = "<group>"; };
		80688263235227FC00D76477 /* Base */ = {isa = PBXFileReference; lastKnownFileType = file.storyboard; name = Base; path = Base.lproj/LaunchScreen.storyboard; sourceTree = "<group>"; };
		80688265235227FC00D76477 /* Info.plist */ = {isa = PBXFileReference; lastKnownFileType = text.plist.xml; path = Info.plist; sourceTree = "<group>"; };
		8068826B23522E9B00D76477 /* MainTableViewController.swift */ = {isa = PBXFileReference; lastKnownFileType = sourcecode.swift; path = MainTableViewController.swift; sourceTree = "<group>"; };
		8068826D23522FC500D76477 /* AddTasksViewController.swift */ = {isa = PBXFileReference; lastKnownFileType = sourcecode.swift; path = AddTasksViewController.swift; sourceTree = "<group>"; };
		8068826F235230C400D76477 /* TasksUserDefaults.swift */ = {isa = PBXFileReference; lastKnownFileType = sourcecode.swift; path = TasksUserDefaults.swift; sourceTree = "<group>"; };
/* End PBXFileReference section */

/* Begin PBXFrameworksBuildPhase section */
		8068824E235227F900D76477 /* Frameworks */ = {
			isa = PBXFrameworksBuildPhase;
			buildActionMask = 2147483647;
			files = (
			);
			runOnlyForDeploymentPostprocessing = 0;
		};
/* End PBXFrameworksBuildPhase section */

/* Begin PBXGroup section */
		80688248235227F900D76477 = {
			isa = PBXGroup;
			children = (
				80688253235227F900D76477 /* Metas_do_dia */,
				80688252235227F900D76477 /* Products */,
			);
			sourceTree = "<group>";
		};
		80688252235227F900D76477 /* Products */ = {
			isa = PBXGroup;
			children = (
				80688251235227F900D76477 /* Metas_do_dia.app */,
			);
			name = Products;
			sourceTree = "<group>";
		};
		80688253235227F900D76477 /* Metas_do_dia */ = {
			isa = PBXGroup;
			children = (
				80688254235227F900D76477 /* AppDelegate.swift */,
				80688256235227F900D76477 /* SceneDelegate.swift */,
				8068826B23522E9B00D76477 /* MainTableViewController.swift */,
				8068826D23522FC500D76477 /* AddTasksViewController.swift */,
				8068826F235230C400D76477 /* TasksUserDefaults.swift */,
				8068825A235227F900D76477 /* Main.storyboard */,
				80688260235227FC00D76477 /* Assets.xcassets */,
				80688262235227FC00D76477 /* LaunchScreen.storyboard */,
				80688265235227FC00D76477 /* Info.plist */,
				8068825D235227F900D76477 /* Metas_do_dia.xcdatamodeld */,
			);
			path = Metas_do_dia;
			sourceTree = "<group>";
		};
/* End PBXGroup section */

/* Begin PBXNativeTarget section */
		80688250235227F900D76477 /* Metas_do_dia */ = {
			isa = PBXNativeTarget;
			buildConfigurationList = 80688268235227FC00D76477 /* Build configuration list for PBXNativeTarget "Metas_do_dia" */;
			buildPhases = (
				8068824D235227F900D76477 /* Sources */,
				8068824E235227F900D76477 /* Frameworks */,
				8068824F235227F900D76477 /* Resources */,
			);
			buildRules = (
			);
			dependencies = (
			);
			name = Metas_do_dia;
			productName = Metas_do_dia;
			productReference = 80688251235227F900D76477 /* Metas_do_dia.app */;
			productType = "com.apple.product-type.application";
		};
/* End PBXNativeTarget section */

/* Begin PBXProject section */
		80688249235227F900D76477 /* Project object */ = {
			isa = PBXProject;
			attributes = {
				LastSwiftUpdateCheck = 1100;
				LastUpgradeCheck = 1100;
				ORGANIZATIONNAME = "Midas Tecnologia";
				TargetAttributes = {
					80688250235227F900D76477 = {
						CreatedOnToolsVersion = 11.0;
					};
				};
			};
			buildConfigurationList = 8068824C235227F900D76477 /* Build configuration list for PBXProject "Metas_do_dia" */;
			compatibilityVersion = "Xcode 9.3";
			developmentRegion = en;
			hasScannedForEncodings = 0;
			knownRegions = (
				en,
				Base,
			);
			mainGroup = 80688248235227F900D76477;
			productRefGroup = 80688252235227F900D76477 /* Products */;
			projectDirPath = "";
			projectRoot = "";
			targets = (
				80688250235227F900D76477 /* Metas_do_dia */,
			);
		};
/* End PBXProject section */

/* Begin PBXResourcesBuildPhase section */
		8068824F235227F900D76477 /* Resources */ = {
			isa = PBXResourcesBuildPhase;
			buildActionMask = 2147483647;
			files = (
				80688264235227FC00D76477 /* LaunchScreen.storyboard in Resources */,
				80688261235227FC00D76477 /* Assets.xcassets in Resources */,
				8068825C235227F900D76477 /* Main.storyboard in Resources */,
			);
			runOnlyForDeploymentPostprocessing = 0;
		};
/* End PBXResourcesBuildPhase section */

/* Begin PBXSourcesBuildPhase section */
		8068824D235227F900D76477 /* Sources */ = {
			isa = PBXSourcesBuildPhase;
			buildActionMask = 2147483647;
			files = (
				8068826E23522FC500D76477 /* AddTasksViewController.swift in Sources */,
				80688270235230C400D76477 /* TasksUserDefaults.swift in Sources */,
				8068826C23522E9B00D76477 /* MainTableViewController.swift in Sources */,
				80688255235227F900D76477 /* AppDelegate.swift in Sources */,
				8068825F235227F900D76477 /* Metas_do_dia.xcdatamodeld in Sources */,
				80688257235227F900D76477 /* SceneDelegate.swift in Sources */,
			);
			runOnlyForDeploymentPostprocessing = 0;
		};
/* End PBXSourcesBuildPhase section */

/* Begin PBXVariantGroup section */
		8068825A235227F900D76477 /* Main.storyboard */ = {
			isa = PBXVariantGroup;
			children = (
				8068825B235227F900D76477 /* Base */,
			);
			name = Main.storyboard;
			sourceTree = "<group>";
		};
		80688262235227FC00D76477 /* LaunchScreen.storyboard */ = {
			isa = PBXVariantGroup;
			children = (
				80688263235227FC00D76477 /* Base */,
			);
			name = LaunchScreen.storyboard;
			sourceTree = "<group>";
		};
/* End PBXVariantGroup section */

/* Begin XCBuildConfiguration section */
		80688266235227FC00D76477 /* Debug */ = {
			isa = XCBuildConfiguration;
			buildSettings = {
				ALWAYS_SEARCH_USER_PATHS = NO;
				CLANG_ANALYZER_NONNULL = YES;
				CLANG_ANALYZER_NUMBER_OBJECT_CONVERSION = YES_AGGRESSIVE;
				CLANG_CXX_LANGUAGE_STANDARD = "gnu++14";
				CLANG_CXX_LIBRARY = "libc++";
				CLANG_ENABLE_MODULES = YES;
				CLANG_ENABLE_OBJC_ARC = YES;
				CLANG_ENABLE_OBJC_WEAK = YES;
				CLANG_WARN_BLOCK_CAPTURE_AUTORELEASING = YES;
				CLANG_WARN_BOOL_CONVERSION = YES;
				CLANG_WARN_COMMA = YES;
				CLANG_WARN_CONSTANT_CONVERSION = YES;
				CLANG_WARN_DEPRECATED_OBJC_IMPLEMENTATIONS = YES;
				CLANG_WARN_DIRECT_OBJC_ISA_USAGE = YES_ERROR;
				CLANG_WARN_DOCUMENTATION_COMMENTS = YES;
				CLANG_WARN_EMPTY_BODY = YES;
				CLANG_WARN_ENUM_CONVERSION = YES;
				CLANG_WARN_INFINITE_RECURSION = YES;
				CLANG_WARN_INT_CONVERSION = YES;
				CLANG_WARN_NON_LITERAL_NULL_CONVERSION = YES;
				CLANG_WARN_OBJC_IMPLICIT_RETAIN_SELF = YES;
				CLANG_WARN_OBJC_LITERAL_CONVERSION = YES;
				CLANG_WARN_OBJC_ROOT_CLASS = YES_ERROR;
				CLANG_WARN_RANGE_LOOP_ANALYSIS = YES;
				CLANG_WARN_STRICT_PROTOTYPES = YES;
				CLANG_WARN_SUSPICIOUS_MOVE = YES;
				CLANG_WARN_UNGUARDED_AVAILABILITY = YES_AGGRESSIVE;
				CLANG_WARN_UNREACHABLE_CODE = YES;
				CLANG_WARN__DUPLICATE_METHOD_MATCH = YES;
				COPY_PHASE_STRIP = NO;
				DEBUG_INFORMATION_FORMAT = dwarf;
				ENABLE_STRICT_OBJC_MSGSEND = YES;
				ENABLE_TESTABILITY = YES;
				GCC_C_LANGUAGE_STANDARD = gnu11;
				GCC_DYNAMIC_NO_PIC = NO;
				GCC_NO_COMMON_BLOCKS = YES;
				GCC_OPTIMIZATION_LEVEL = 0;
				GCC_PREPROCESSOR_DEFINITIONS = (
					"DEBUG=1",
					"$(inherited)",
				);
				GCC_WARN_64_TO_32_BIT_CONVERSION = YES;
				GCC_WARN_ABOUT_RETURN_TYPE = YES_ERROR;
				GCC_WARN_UNDECLARED_SELECTOR = YES;
				GCC_WARN_UNINITIALIZED_AUTOS = YES_AGGRESSIVE;
				GCC_WARN_UNUSED_FUNCTION = YES;
				GCC_WARN_UNUSED_VARIABLE = YES;
				IPHONEOS_DEPLOYMENT_TARGET = 13.0;
				MTL_ENABLE_DEBUG_INFO = INCLUDE_SOURCE;
				MTL_FAST_MATH = YES;
				ONLY_ACTIVE_ARCH = YES;
				SDKROOT = iphoneos;
				SWIFT_ACTIVE_COMPILATION_CONDITIONS = DEBUG;
				SWIFT_OPTIMIZATION_LEVEL = "-Onone";
			};
			name = Debug;
		};
		80688267235227FC00D76477 /* Release */ = {
			isa = XCBuildConfiguration;
			buildSettings = {
				ALWAYS_SEARCH_USER_PATHS = NO;
				CLANG_ANALYZER_NONNULL = YES;
				CLANG_ANALYZER_NUMBER_OBJECT_CONVERSION = YES_AGGRESSIVE;
				CLANG_CXX_LANGUAGE_STANDARD = "gnu++14";
				CLANG_CXX_LIBRARY = "libc++";
				CLANG_ENABLE_MODULES = YES;
				CLANG_ENABLE_OBJC_ARC = YES;
				CLANG_ENABLE_OBJC_WEAK = YES;
				CLANG_WARN_BLOCK_CAPTURE_AUTORELEASING = YES;
				CLANG_WARN_BOOL_CONVERSION = YES;
				CLANG_WARN_COMMA = YES;
				CLANG_WARN_CONSTANT_CONVERSION = YES;
				CLANG_WARN_DEPRECATED_OBJC_IMPLEMENTATIONS = YES;
				CLANG_WARN_DIRECT_OBJC_ISA_USAGE = YES_ERROR;
				CLANG_WARN_DOCUMENTATION_COMMENTS = YES;
				CLANG_WARN_EMPTY_BODY = YES;
				CLANG_WARN_ENUM_CONVERSION = YES;
				CLANG_WARN_INFINITE_RECURSION = YES;
				CLANG_WARN_INT_CONVERSION = YES;
				CLANG_WARN_NON_LITERAL_NULL_CONVERSION = YES;
				CLANG_WARN_OBJC_IMPLICIT_RETAIN_SELF = YES;
				CLANG_WARN_OBJC_LITERAL_CONVERSION = YES;
				CLANG_WARN_OBJC_ROOT_CLASS = YES_ERROR;
				CLANG_WARN_RANGE_LOOP_ANALYSIS = YES;
				CLANG_WARN_STRICT_PROTOTYPES = YES;
				CLANG_WARN_SUSPICIOUS_MOVE = YES;
				CLANG_WARN_UNGUARDED_AVAILABILITY = YES_AGGRESSIVE;
				CLANG_WARN_UNREACHABLE_CODE = YES;
				CLANG_WARN__DUPLICATE_METHOD_MATCH = YES;
				COPY_PHASE_STRIP = NO;
				DEBUG_INFORMATION_FORMAT = "dwarf-with-dsym";
				ENABLE_NS_ASSERTIONS = NO;
				ENABLE_STRICT_OBJC_MSGSEND = YES;
				GCC_C_LANGUAGE_STANDARD = gnu11;
				GCC_NO_COMMON_BLOCKS = YES;
				GCC_WARN_64_TO_32_BIT_CONVERSION = YES;
				GCC_WARN_ABOUT_RETURN_TYPE = YES_ERROR;
				GCC_WARN_UNDECLARED_SELECTOR = YES;
				GCC_WARN_UNINITIALIZED_AUTOS = YES_AGGRESSIVE;
				GCC_WARN_UNUSED_FUNCTION = YES;
				GCC_WARN_UNUSED_VARIABLE = YES;
				IPHONEOS_DEPLOYMENT_TARGET = 13.0;
				MTL_ENABLE_DEBUG_INFO = NO;
				MTL_FAST_MATH = YES;
				SDKROOT = iphoneos;
				SWIFT_COMPILATION_MODE = wholemodule;
				SWIFT_OPTIMIZATION_LEVEL = "-O";
				VALIDATE_PRODUCT = YES;
			};
			name = Release;
		};
		80688269235227FC00D76477 /* Debug */ = {
			isa = XCBuildConfiguration;
			buildSettings = {
				ASSETCATALOG_COMPILER_APPICON_NAME = AppIcon;
				CODE_SIGN_STYLE = Automatic;
				DEVELOPMENT_TEAM = 27WMQCC3GF;
				INFOPLIST_FILE = Metas_do_dia/Info.plist;
				LD_RUNPATH_SEARCH_PATHS = (
					"$(inherited)",
					"@executable_path/Frameworks",
				);
				PRODUCT_BUNDLE_IDENTIFIER = "com.midastecnologia.Metas-do-dia";
				PRODUCT_NAME = "$(TARGET_NAME)";
				SWIFT_VERSION = 5.0;
				TARGETED_DEVICE_FAMILY = "1,2";
			};
			name = Debug;
		};
		8068826A235227FC00D76477 /* Release */ = {
			isa = XCBuildConfiguration;
			buildSettings = {
				ASSETCATALOG_COMPILER_APPICON_NAME = AppIcon;
				CODE_SIGN_STYLE = Automatic;
				DEVELOPMENT_TEAM = 27WMQCC3GF;
				INFOPLIST_FILE = Metas_do_dia/Info.plist;
				LD_RUNPATH_SEARCH_PATHS = (
					"$(inherited)",
					"@executable_path/Frameworks",
				);
				PRODUCT_BUNDLE_IDENTIFIER = "com.midastecnologia.Metas-do-dia";
				PRODUCT_NAME = "$(TARGET_NAME)";
				SWIFT_VERSION = 5.0;
				TARGETED_DEVICE_FAMILY = "1,2";
			};
			name = Release;
		};
/* End XCBuildConfiguration section */

/* Begin XCConfigurationList section */
		8068824C235227F900D76477 /* Build configuration list for PBXProject "Metas_do_dia" */ = {
			isa = XCConfigurationList;
			buildConfigurations = (
				80688266235227FC00D76477 /* Debug */,
				80688267235227FC00D76477 /* Release */,
			);
			defaultConfigurationIsVisible = 0;
			defaultConfigurationName = Release;
		};
		80688268235227FC00D76477 /* Build configuration list for PBXNativeTarget "Metas_do_dia" */ = {
			isa = XCConfigurationList;
			buildConfigurations = (
				80688269235227FC00D76477 /* Debug */,
				8068826A235227FC00D76477 /* Release */,
			);
			defaultConfigurationIsVisible = 0;
			defaultConfigurationName = Release;
		};
/* End XCConfigurationList section */

/* Begin XCVersionGroup section */
		8068825D235227F900D76477 /* Metas_do_dia.xcdatamodeld */ = {
			isa = XCVersionGroup;
			children = (
				8068825E235227F900D76477 /* Metas_do_dia.xcdatamodel */,
			);
			currentVersion = 8068825E235227F900D76477 /* Metas_do_dia.xcdatamodel */;
			path = Metas_do_dia.xcdatamodeld;
			sourceTree = "<group>";
			versionGroupType = wrapper.xcdatamodel;
		};
/* End XCVersionGroup section */
	};
	rootObject = 80688249235227F900D76477 /* Project object */;
}
